
Microsoft Visual Studio Solution File, Format Version 12.00
Project("{FAE04EC0-301F-11D3-BF4B-00C04F79EFBC}") = "SocialAppWebApi", "SocialAppWebApi\SocialAppWebApi.csproj", "{C9CC48E2-35B8-436D-ABFA-8ED0C7577585}"
EndProject
Project("{FAE04EC0-301F-11D3-BF4B-00C04F79EFBC}") = "SocialAppWebApi.Test", "SocialAppWebApi.Test\SocialAppWebApi.Test.csproj", "{008F0451-6D17-4C07-9121-033DDB01AE04}"
EndProject
Global
	GlobalSection(SolutionConfigurationPlatforms) = preSolution
		Debug|Any CPU = Debug|Any CPU
		Release|Any CPU = Release|Any CPU
	EndGlobalSection
	GlobalSection(ProjectConfigurationPlatforms) = postSolution
		{C9CC48E2-35B8-436D-ABFA-8ED0C7577585}.Debug|Any CPU.ActiveCfg = Debug|Any CPU
		{C9CC48E2-35B8-436D-ABFA-8ED0C7577585}.Debug|Any CPU.Build.0 = Debug|Any CPU
		{C9CC48E2-35B8-436D-ABFA-8ED0C7577585}.Release|Any CPU.ActiveCfg = Release|Any CPU
		{C9CC48E2-35B8-436D-ABFA-8ED0C7577585}.Release|Any CPU.Build.0 = Release|Any CPU
		{008F0451-6D17-4C07-9121-033DDB01AE04}.Debug|Any CPU.ActiveCfg = Debug|Any CPU
		{008F0451-6D17-4C07-9121-033DDB01AE04}.Debug|Any CPU.Build.0 = Debug|Any CPU
		{008F0451-6D17-4C07-9121-033DDB01AE04}.Release|Any CPU.ActiveCfg = Release|Any CPU
		{008F0451-6D17-4C07-9121-033DDB01AE04}.Release|Any CPU.Build.0 = Release|Any CPU
	EndGlobalSection
EndGlobal
